
Microsoft Visual Studio Solution File, Format Version 12.00
# Visual Studio Version 17
VisualStudioVersion = 17.11.35222.181
MinimumVisualStudioVersion = 10.0.40219.1
Project("{FAE04EC0-301F-11D3-BF4B-00C04F79EFBC}") = "ベンディング検査", "ベンディング検査\ベンディング検査.csproj", "{786DE35D-7DE8-43B9-B5AD-B5DB7FD8D545}"
EndProject
Global
	GlobalSection(SolutionConfigurationPlatforms) = preSolution
		Debug|Any CPU = Debug|Any CPU
		Release|Any CPU = Release|Any CPU
	EndGlobalSection
	GlobalSection(ProjectConfigurationPlatforms) = postSolution
		{786DE35D-7DE8-43B9-B5AD-B5DB7FD8D545}.Debug|Any CPU.ActiveCfg = Debug|Any CPU
		{786DE35D-7DE8-43B9-B5AD-B5DB7FD8D545}.Debug|Any CPU.Build.0 = Debug|Any CPU
		{786DE35D-7DE8-43B9-B5AD-B5DB7FD8D545}.Release|Any CPU.ActiveCfg = Release|Any CPU
		{786DE35D-7DE8-43B9-B5AD-B5DB7FD8D545}.Release|Any CPU.Build.0 = Release|Any CPU
	EndGlobalSection
	GlobalSection(SolutionProperties) = preSolution
		HideSolutionNode = FALSE
	EndGlobalSection
	GlobalSection(ExtensibilityGlobals) = postSolution
		SolutionGuid = {DC69E62F-0BD8-46BA-AAC6-DB0CD57D8F3E}
	EndGlobalSection
EndGlobal
